
Microsoft Visual Studio Solution File, Format Version 12.00
# Visual Studio Version 16
VisualStudioVersion = 16.0.30128.36
MinimumVisualStudioVersion = 10.0.40219.1
Project("{9A19103F-16F7-4668-BE54-9A1E7A4F7556}") = "NChista.StoredProcedureCore", "NChista.StoredProcedureCore\NChista.StoredProcedureCore.csproj", "{671A026B-A587-49D6-B2DD-5A06AC61C6E7}"
EndProject
Project("{2150E333-8FDC-42A3-9474-1A3956D46DE8}") = "Tests", "Tests", "{476358F7-2376-4262-9140-D4C2739C315E}"
EndProject
Project("{9A19103F-16F7-4668-BE54-9A1E7A4F7556}") = "NChista.StoredProcedureCore.Tests", "Tests\NChista.StoredProcedureCore.Tests\NChista.StoredProcedureCore.Tests.csproj", "{D3F15038-7ABD-4A99-AE6C-673B2885FF32}"
EndProject
Global
	GlobalSection(SolutionConfigurationPlatforms) = preSolution
		Debug|Any CPU = Debug|Any CPU
		Release|Any CPU = Release|Any CPU
	EndGlobalSection
	GlobalSection(ProjectConfigurationPlatforms) = postSolution
		{671A026B-A587-49D6-B2DD-5A06AC61C6E7}.Debug|Any CPU.ActiveCfg = Debug|Any CPU
		{671A026B-A587-49D6-B2DD-5A06AC61C6E7}.Debug|Any CPU.Build.0 = Debug|Any CPU
		{671A026B-A587-49D6-B2DD-5A06AC61C6E7}.Release|Any CPU.ActiveCfg = Release|Any CPU
		{671A026B-A587-49D6-B2DD-5A06AC61C6E7}.Release|Any CPU.Build.0 = Release|Any CPU
		{D3F15038-7ABD-4A99-AE6C-673B2885FF32}.Debug|Any CPU.ActiveCfg = Debug|Any CPU
		{D3F15038-7ABD-4A99-AE6C-673B2885FF32}.Debug|Any CPU.Build.0 = Debug|Any CPU
		{D3F15038-7ABD-4A99-AE6C-673B2885FF32}.Release|Any CPU.ActiveCfg = Release|Any CPU
		{D3F15038-7ABD-4A99-AE6C-673B2885FF32}.Release|Any CPU.Build.0 = Release|Any CPU
	EndGlobalSection
	GlobalSection(SolutionProperties) = preSolution
		HideSolutionNode = FALSE
	EndGlobalSection
	GlobalSection(NestedProjects) = preSolution
		{D3F15038-7ABD-4A99-AE6C-673B2885FF32} = {476358F7-2376-4262-9140-D4C2739C315E}
	EndGlobalSection
	GlobalSection(ExtensibilityGlobals) = postSolution
		SolutionGuid = {B49E73CD-AEF0-49D9-9DBF-58E585C1681F}
	EndGlobalSection
EndGlobal
